
Microsoft Visual Studio Solution File, Format Version 12.00
# Visual Studio 14
VisualStudioVersion = 14.0.25402.0
MinimumVisualStudioVersion = 10.0.40219.1
Project("{F2A71F9B-5D33-465A-A702-920D77279786}") = "tensor-flow-udacity", "tensor-flow-udacity\tensor-flow-udacity.fsproj", "{193D8178-CDA4-40E7-B35F-E8C202A7F9E3}"
EndProject
Project("{F2A71F9B-5D33-465A-A702-920D77279786}") = "tensor-flow-udacity.test", "tensor-flow-udacity.test\tensor-flow-udacity.test.fsproj", "{88BDBA81-74AE-4222-B866-EC8F83A1667F}"
EndProject
Project("{F2A71F9B-5D33-465A-A702-920D77279786}") = "tensor-flow-udacity.r", "tensor-flow-udacity.r\tensor-flow-udacity.r.fsproj", "{71C6865D-68F6-4556-A6F2-B7838184999C}"
EndProject
Project("{F2A71F9B-5D33-465A-A702-920D77279786}") = "tensor-flow-udacity.flow", "tensor-flow-udacity.flow\tensor-flow-udacity.flow.fsproj", "{E32C1040-99AD-4482-BDAD-D46F8163B5E9}"
EndProject
Project("{F2A71F9B-5D33-465A-A702-920D77279786}") = "interactive", "interactive\interactive.fsproj", "{932D88BC-464E-4993-9BBA-37508BCC0385}"
EndProject
Project("{2150E333-8FDC-42A3-9474-1A3956D46DE8}") = "Solution Items", "Solution Items", "{52D67A1E-9A97-48E8-A82C-EB9E262BD0FC}"
	ProjectSection(SolutionItems) = preProject
		data\examples\logistic_ucla.csv = data\examples\logistic_ucla.csv
		data\examples\multi.csv = data\examples\multi.csv
	EndProjectSection
EndProject
Project("{F2A71F9B-5D33-465A-A702-920D77279786}") = "tensor-flow", "tensor-flow\tensor-flow.fsproj", "{AD15A432-5F5C-40C1-A9D9-A1FE5A529516}"
EndProject
Project("{F2A71F9B-5D33-465A-A702-920D77279786}") = "charts", "charts\charts.fsproj", "{2E680BE2-C935-48B4-BBEE-FC3FF8306673}"
EndProject
Global
	GlobalSection(SolutionConfigurationPlatforms) = preSolution
		Debug|Any CPU = Debug|Any CPU
		Release|Any CPU = Release|Any CPU
	EndGlobalSection
	GlobalSection(ProjectConfigurationPlatforms) = postSolution
		{193D8178-CDA4-40E7-B35F-E8C202A7F9E3}.Debug|Any CPU.ActiveCfg = Debug|Any CPU
		{193D8178-CDA4-40E7-B35F-E8C202A7F9E3}.Debug|Any CPU.Build.0 = Debug|Any CPU
		{193D8178-CDA4-40E7-B35F-E8C202A7F9E3}.Release|Any CPU.ActiveCfg = Release|Any CPU
		{193D8178-CDA4-40E7-B35F-E8C202A7F9E3}.Release|Any CPU.Build.0 = Release|Any CPU
		{88BDBA81-74AE-4222-B866-EC8F83A1667F}.Debug|Any CPU.ActiveCfg = Debug|Any CPU
		{88BDBA81-74AE-4222-B866-EC8F83A1667F}.Debug|Any CPU.Build.0 = Debug|Any CPU
		{88BDBA81-74AE-4222-B866-EC8F83A1667F}.Release|Any CPU.ActiveCfg = Release|Any CPU
		{88BDBA81-74AE-4222-B866-EC8F83A1667F}.Release|Any CPU.Build.0 = Release|Any CPU
		{71C6865D-68F6-4556-A6F2-B7838184999C}.Debug|Any CPU.ActiveCfg = Debug|Any CPU
		{71C6865D-68F6-4556-A6F2-B7838184999C}.Debug|Any CPU.Build.0 = Debug|Any CPU
		{71C6865D-68F6-4556-A6F2-B7838184999C}.Release|Any CPU.ActiveCfg = Release|Any CPU
		{71C6865D-68F6-4556-A6F2-B7838184999C}.Release|Any CPU.Build.0 = Release|Any CPU
		{E32C1040-99AD-4482-BDAD-D46F8163B5E9}.Debug|Any CPU.ActiveCfg = Debug|Any CPU
		{E32C1040-99AD-4482-BDAD-D46F8163B5E9}.Debug|Any CPU.Build.0 = Debug|Any CPU
		{E32C1040-99AD-4482-BDAD-D46F8163B5E9}.Release|Any CPU.ActiveCfg = Release|Any CPU
		{E32C1040-99AD-4482-BDAD-D46F8163B5E9}.Release|Any CPU.Build.0 = Release|Any CPU
		{932D88BC-464E-4993-9BBA-37508BCC0385}.Debug|Any CPU.ActiveCfg = Debug|Any CPU
		{932D88BC-464E-4993-9BBA-37508BCC0385}.Debug|Any CPU.Build.0 = Debug|Any CPU
		{932D88BC-464E-4993-9BBA-37508BCC0385}.Release|Any CPU.ActiveCfg = Release|Any CPU
		{932D88BC-464E-4993-9BBA-37508BCC0385}.Release|Any CPU.Build.0 = Release|Any CPU
		{AD15A432-5F5C-40C1-A9D9-A1FE5A529516}.Debug|Any CPU.ActiveCfg = Debug|Any CPU
		{AD15A432-5F5C-40C1-A9D9-A1FE5A529516}.Debug|Any CPU.Build.0 = Debug|Any CPU
		{AD15A432-5F5C-40C1-A9D9-A1FE5A529516}.Release|Any CPU.ActiveCfg = Release|Any CPU
		{AD15A432-5F5C-40C1-A9D9-A1FE5A529516}.Release|Any CPU.Build.0 = Release|Any CPU
		{2E680BE2-C935-48B4-BBEE-FC3FF8306673}.Debug|Any CPU.ActiveCfg = Debug|Any CPU
		{2E680BE2-C935-48B4-BBEE-FC3FF8306673}.Debug|Any CPU.Build.0 = Debug|Any CPU
		{2E680BE2-C935-48B4-BBEE-FC3FF8306673}.Release|Any CPU.ActiveCfg = Release|Any CPU
		{2E680BE2-C935-48B4-BBEE-FC3FF8306673}.Release|Any CPU.Build.0 = Release|Any CPU
	EndGlobalSection
	GlobalSection(SolutionProperties) = preSolution
		HideSolutionNode = FALSE
	EndGlobalSection
EndGlobal
